// !$*UTF8*$!
{
	archiveVersion = 1;
	classes = {
	};
	objectVersion = 56;
	objects = {

/* Begin PBXBuildFile section */
		1851EB2B2C244EC300182643 /* App.swift in Sources */ = {isa = PBXBuildFile; fileRef = 1851EB2A2C244EC300182643 /* App.swift */; };
		1851EB2D2C244EC300182643 /* ContentView.swift in Sources */ = {isa = PBXBuildFile; fileRef = 1851EB2C2C244EC300182643 /* ContentView.swift */; };
		1851EB2F2C244EC400182643 /* Assets.xcassets in Resources */ = {isa = PBXBuildFile; fileRef = 1851EB2E2C244EC400182643 /* Assets.xcassets */; };
		1851EB322C244EC400182643 /* Preview Assets.xcassets in Resources */ = {isa = PBXBuildFile; fileRef = 1851EB312C244EC400182643 /* Preview Assets.xcassets */; };
		1851EB3C2C244F9300182643 /* CoreMotion.framework in Frameworks */ = {isa = PBXBuildFile; fileRef = 1851EB3B2C244F9300182643 /* CoreMotion.framework */; };
		1851EB422C252B5D00182643 /* WelcomeView.swift in Sources */ = {isa = PBXBuildFile; fileRef = 1851EB412C252B5D00182643 /* WelcomeView.swift */; };
		1851EB442C252B7C00182643 /* HomeView.swift in Sources */ = {isa = PBXBuildFile; fileRef = 1851EB432C252B7C00182643 /* HomeView.swift */; };
		1851EB472C252C6F00182643 /* OnboardingNavigator.swift in Sources */ = {isa = PBXBuildFile; fileRef = 1851EB462C252C6F00182643 /* OnboardingNavigator.swift */; };
		18CEF0B62C26EF6300ACF550 /* LevelSelector.swift in Sources */ = {isa = PBXBuildFile; fileRef = 18CEF0B52C26EF6300ACF550 /* LevelSelector.swift */; };
		18FE25C32C257194008D02AB /* Extensions.swift in Sources */ = {isa = PBXBuildFile; fileRef = 18FE25C22C257194008D02AB /* Extensions.swift */; };
		18FE25C52C257A44008D02AB /* ChatBubble.swift in Sources */ = {isa = PBXBuildFile; fileRef = 18FE25C42C257A44008D02AB /* ChatBubble.swift */; };
		18FE25C72C258AF7008D02AB /* TutorialView.swift in Sources */ = {isa = PBXBuildFile; fileRef = 18FE25C62C258AF7008D02AB /* TutorialView.swift */; };
		18FE25C92C2594E1008D02AB /* OnboardingHeader.swift in Sources */ = {isa = PBXBuildFile; fileRef = 18FE25C82C2594E1008D02AB /* OnboardingHeader.swift */; };
		18FE25CC2C259D16008D02AB /* Gradient.swift in Sources */ = {isa = PBXBuildFile; fileRef = 18FE25CB2C259D16008D02AB /* Gradient.swift */; };
		18FE25CE2C259EF8008D02AB /* InformationView.swift in Sources */ = {isa = PBXBuildFile; fileRef = 18FE25CD2C259EF8008D02AB /* InformationView.swift */; };
		18FE25D02C25AC44008D02AB /* SettingUpProfile.swift in Sources */ = {isa = PBXBuildFile; fileRef = 18FE25CF2C25AC44008D02AB /* SettingUpProfile.swift */; };
		18FE25D52C269713008D02AB /* UserProfileModel.swift in Sources */ = {isa = PBXBuildFile; fileRef = 18FE25D42C269713008D02AB /* UserProfileModel.swift */; };
		18FE25D72C26A89E008D02AB /* Animation.swift in Sources */ = {isa = PBXBuildFile; fileRef = 18FE25D62C26A89E008D02AB /* Animation.swift */; };
		18FE25DA2C26B9A2008D02AB /* Model.xcdatamodeld in Sources */ = {isa = PBXBuildFile; fileRef = 18FE25D82C26B9A2008D02AB /* Model.xcdatamodeld */; };
/* End PBXBuildFile section */

/* Begin PBXFileReference section */
		1851EB272C244EC300182643 /* 100.app */ = {isa = PBXFileReference; explicitFileType = wrapper.application; includeInIndex = 0; path = 100.app; sourceTree = BUILT_PRODUCTS_DIR; };
		1851EB2A2C244EC300182643 /* App.swift */ = {isa = PBXFileReference; lastKnownFileType = sourcecode.swift; path = App.swift; sourceTree = "<group>"; };
		1851EB2C2C244EC300182643 /* ContentView.swift */ = {isa = PBXFileReference; lastKnownFileType = sourcecode.swift; path = ContentView.swift; sourceTree = "<group>"; };
		1851EB2E2C244EC400182643 /* Assets.xcassets */ = {isa = PBXFileReference; lastKnownFileType = folder.assetcatalog; path = Assets.xcassets; sourceTree = "<group>"; };
		1851EB312C244EC400182643 /* Preview Assets.xcassets */ = {isa = PBXFileReference; lastKnownFileType = folder.assetcatalog; path = "Preview Assets.xcassets"; sourceTree = "<group>"; };
		1851EB382C244ED700182643 /* 100.entitlements */ = {isa = PBXFileReference; lastKnownFileType = text.plist.entitlements; path = 100.entitlements; sourceTree = "<group>"; };
		1851EB392C244EEC00182643 /* 100-Info.plist */ = {isa = PBXFileReference; lastKnownFileType = text.plist.xml; path = "100-Info.plist"; sourceTree = SOURCE_ROOT; };
		1851EB3B2C244F9300182643 /* CoreMotion.framework */ = {isa = PBXFileReference; lastKnownFileType = wrapper.framework; name = CoreMotion.framework; path = System/Library/Frameworks/CoreMotion.framework; sourceTree = SDKROOT; };
		1851EB412C252B5D00182643 /* WelcomeView.swift */ = {isa = PBXFileReference; lastKnownFileType = sourcecode.swift; path = WelcomeView.swift; sourceTree = "<group>"; };
		1851EB432C252B7C00182643 /* HomeView.swift */ = {isa = PBXFileReference; lastKnownFileType = sourcecode.swift; path = HomeView.swift; sourceTree = "<group>"; };
		1851EB462C252C6F00182643 /* OnboardingNavigator.swift */ = {isa = PBXFileReference; lastKnownFileType = sourcecode.swift; path = OnboardingNavigator.swift; sourceTree = "<group>"; };
		18CEF0B52C26EF6300ACF550 /* LevelSelector.swift */ = {isa = PBXFileReference; lastKnownFileType = sourcecode.swift; path = LevelSelector.swift; sourceTree = "<group>"; };
		18FE25C22C257194008D02AB /* Extensions.swift */ = {isa = PBXFileReference; lastKnownFileType = sourcecode.swift; path = Extensions.swift; sourceTree = "<group>"; };
		18FE25C42C257A44008D02AB /* ChatBubble.swift */ = {isa = PBXFileReference; lastKnownFileType = sourcecode.swift; path = ChatBubble.swift; sourceTree = "<group>"; };
		18FE25C62C258AF7008D02AB /* TutorialView.swift */ = {isa = PBXFileReference; lastKnownFileType = sourcecode.swift; path = TutorialView.swift; sourceTree = "<group>"; };
		18FE25C82C2594E1008D02AB /* OnboardingHeader.swift */ = {isa = PBXFileReference; lastKnownFileType = sourcecode.swift; path = OnboardingHeader.swift; sourceTree = "<group>"; };
		18FE25CB2C259D16008D02AB /* Gradient.swift */ = {isa = PBXFileReference; lastKnownFileType = sourcecode.swift; path = Gradient.swift; sourceTree = "<group>"; };
		18FE25CD2C259EF8008D02AB /* InformationView.swift */ = {isa = PBXFileReference; lastKnownFileType = sourcecode.swift; path = InformationView.swift; sourceTree = "<group>"; };
		18FE25CF2C25AC44008D02AB /* SettingUpProfile.swift */ = {isa = PBXFileReference; lastKnownFileType = sourcecode.swift; path = SettingUpProfile.swift; sourceTree = "<group>"; };
		18FE25D42C269713008D02AB /* UserProfileModel.swift */ = {isa = PBXFileReference; lastKnownFileType = sourcecode.swift; path = UserProfileModel.swift; sourceTree = "<group>"; };
		18FE25D62C26A89E008D02AB /* Animation.swift */ = {isa = PBXFileReference; lastKnownFileType = sourcecode.swift; path = Animation.swift; sourceTree = "<group>"; };
		18FE25D92C26B9A2008D02AB /* Model.xcdatamodel */ = {isa = PBXFileReference; lastKnownFileType = wrapper.xcdatamodel; path = Model.xcdatamodel; sourceTree = "<group>"; };
/* End PBXFileReference section */

/* Begin PBXFrameworksBuildPhase section */
		1851EB242C244EC300182643 /* Frameworks */ = {
			isa = PBXFrameworksBuildPhase;
			buildActionMask = 2147483647;
			files = (
				1851EB3C2C244F9300182643 /* CoreMotion.framework in Frameworks */,
			);
			runOnlyForDeploymentPostprocessing = 0;
		};
/* End PBXFrameworksBuildPhase section */

/* Begin PBXGroup section */
		1851EB1E2C244EC300182643 = {
			isa = PBXGroup;
			children = (
				1851EB292C244EC300182643 /* 100 */,
				1851EB282C244EC300182643 /* Products */,
				1851EB3A2C244F9300182643 /* Frameworks */,
			);
			sourceTree = "<group>";
		};
		1851EB282C244EC300182643 /* Products */ = {
			isa = PBXGroup;
			children = (
				1851EB272C244EC300182643 /* 100.app */,
			);
			name = Products;
			sourceTree = "<group>";
		};
		1851EB292C244EC300182643 /* 100 */ = {
			isa = PBXGroup;
			children = (
				18FE25D82C26B9A2008D02AB /* Model.xcdatamodeld */,
				1851EB2E2C244EC400182643 /* Assets.xcassets */,
				1851EB2A2C244EC300182643 /* App.swift */,
				1851EB2C2C244EC300182643 /* ContentView.swift */,
				18FE25DB2C26BA35008D02AB /* Resources */,
				18FE25D32C2696DB008D02AB /* Models */,
				18FE25C12C257184008D02AB /* Utils */,
				1851EB452C252C4900182643 /* Navigation */,
				1851EB3F2C252B1000182643 /* Screens */,
				1851EB3D2C252B0100182643 /* Components */,
				1851EB392C244EEC00182643 /* 100-Info.plist */,
				1851EB382C244ED700182643 /* 100.entitlements */,
				1851EB302C244EC400182643 /* Preview Content */,
			);
			path = 100;
			sourceTree = "<group>";
		};
		1851EB302C244EC400182643 /* Preview Content */ = {
			isa = PBXGroup;
			children = (
				1851EB312C244EC400182643 /* Preview Assets.xcassets */,
			);
			path = "Preview Content";
			sourceTree = "<group>";
		};
		1851EB3A2C244F9300182643 /* Frameworks */ = {
			isa = PBXGroup;
			children = (
				1851EB3B2C244F9300182643 /* CoreMotion.framework */,
			);
			name = Frameworks;
			sourceTree = "<group>";
		};
		1851EB3D2C252B0100182643 /* Components */ = {
			isa = PBXGroup;
			children = (
				18FE25CA2C2599D0008D02AB /* Onboarding */,
				1851EB3E2C252B0800182643 /* Common */,
			);
			path = Components;
			sourceTree = "<group>";
		};
		1851EB3E2C252B0800182643 /* Common */ = {
			isa = PBXGroup;
			children = (
				18FE25C42C257A44008D02AB /* ChatBubble.swift */,
			);
			path = Common;
			sourceTree = "<group>";
		};
		1851EB3F2C252B1000182643 /* Screens */ = {
			isa = PBXGroup;
			children = (
				1851EB402C252B1C00182643 /* Onboarding */,
				1851EB432C252B7C00182643 /* HomeView.swift */,
			);
			path = Screens;
			sourceTree = "<group>";
		};
		1851EB402C252B1C00182643 /* Onboarding */ = {
			isa = PBXGroup;
			children = (
				1851EB412C252B5D00182643 /* WelcomeView.swift */,
				18FE25C62C258AF7008D02AB /* TutorialView.swift */,
				18FE25CF2C25AC44008D02AB /* SettingUpProfile.swift */,
			);
			path = Onboarding;
			sourceTree = "<group>";
		};
		1851EB452C252C4900182643 /* Navigation */ = {
			isa = PBXGroup;
			children = (
				1851EB462C252C6F00182643 /* OnboardingNavigator.swift */,
			);
			path = Navigation;
			sourceTree = "<group>";
		};
		18FE25C12C257184008D02AB /* Utils */ = {
			isa = PBXGroup;
			children = (
				18FE25C22C257194008D02AB /* Extensions.swift */,
				18FE25CB2C259D16008D02AB /* Gradient.swift */,
				18FE25D62C26A89E008D02AB /* Animation.swift */,
			);
			path = Utils;
			sourceTree = "<group>";
		};
		18FE25CA2C2599D0008D02AB /* Onboarding */ = {
			isa = PBXGroup;
			children = (
				18FE25CD2C259EF8008D02AB /* InformationView.swift */,
				18FE25C82C2594E1008D02AB /* OnboardingHeader.swift */,
				18CEF0B52C26EF6300ACF550 /* LevelSelector.swift */,
			);
			path = Onboarding;
			sourceTree = "<group>";
		};
		18FE25D32C2696DB008D02AB /* Models */ = {
			isa = PBXGroup;
			children = (
				18FE25D42C269713008D02AB /* UserProfileModel.swift */,
			);
			path = Models;
			sourceTree = "<group>";
		};
		18FE25DB2C26BA35008D02AB /* Resources */ = {
			isa = PBXGroup;
			children = (
			);
			name = Resources;
			path = ..;
			sourceTree = "<group>";
		};
/* End PBXGroup section */

/* Begin PBXNativeTarget section */
		1851EB262C244EC300182643 /* 100 */ = {
			isa = PBXNativeTarget;
			buildConfigurationList = 1851EB352C244EC400182643 /* Build configuration list for PBXNativeTarget "100" */;
			buildPhases = (
				1851EB232C244EC300182643 /* Sources */,
				1851EB242C244EC300182643 /* Frameworks */,
				1851EB252C244EC300182643 /* Resources */,
			);
			buildRules = (
			);
			dependencies = (
			);
			name = 100;
			productName = "100 Pushups";
			productReference = 1851EB272C244EC300182643 /* 100.app */;
			productType = "com.apple.product-type.application";
		};
/* End PBXNativeTarget section */

/* Begin PBXProject section */
		1851EB1F2C244EC300182643 /* Project object */ = {
			isa = PBXProject;
			attributes = {
				BuildIndependentTargetsInParallel = 1;
				LastSwiftUpdateCheck = 1540;
				LastUpgradeCheck = 1540;
				TargetAttributes = {
					1851EB262C244EC300182643 = {
						CreatedOnToolsVersion = 15.4;
					};
				};
			};
			buildConfigurationList = 1851EB222C244EC300182643 /* Build configuration list for PBXProject "100" */;
			compatibilityVersion = "Xcode 14.0";
			developmentRegion = en;
			hasScannedForEncodings = 0;
			knownRegions = (
				en,
				Base,
			);
			mainGroup = 1851EB1E2C244EC300182643;
			productRefGroup = 1851EB282C244EC300182643 /* Products */;
			projectDirPath = "";
			projectRoot = "";
			targets = (
				1851EB262C244EC300182643 /* 100 */,
			);
		};
/* End PBXProject section */

/* Begin PBXResourcesBuildPhase section */
		1851EB252C244EC300182643 /* Resources */ = {
			isa = PBXResourcesBuildPhase;
			buildActionMask = 2147483647;
			files = (
				1851EB322C244EC400182643 /* Preview Assets.xcassets in Resources */,
				1851EB2F2C244EC400182643 /* Assets.xcassets in Resources */,
			);
			runOnlyForDeploymentPostprocessing = 0;
		};
/* End PBXResourcesBuildPhase section */

/* Begin PBXSourcesBuildPhase section */
		1851EB232C244EC300182643 /* Sources */ = {
			isa = PBXSourcesBuildPhase;
			buildActionMask = 2147483647;
			files = (
				1851EB472C252C6F00182643 /* OnboardingNavigator.swift in Sources */,
				18FE25CE2C259EF8008D02AB /* InformationView.swift in Sources */,
				18FE25DA2C26B9A2008D02AB /* Model.xcdatamodeld in Sources */,
				1851EB2D2C244EC300182643 /* ContentView.swift in Sources */,
				1851EB442C252B7C00182643 /* HomeView.swift in Sources */,
				1851EB422C252B5D00182643 /* WelcomeView.swift in Sources */,
				18FE25C32C257194008D02AB /* Extensions.swift in Sources */,
				18CEF0B62C26EF6300ACF550 /* LevelSelector.swift in Sources */,
				18FE25D52C269713008D02AB /* UserProfileModel.swift in Sources */,
				18FE25CC2C259D16008D02AB /* Gradient.swift in Sources */,
				1851EB2B2C244EC300182643 /* App.swift in Sources */,
				18FE25C72C258AF7008D02AB /* TutorialView.swift in Sources */,
				18FE25D02C25AC44008D02AB /* SettingUpProfile.swift in Sources */,
				18FE25C92C2594E1008D02AB /* OnboardingHeader.swift in Sources */,
				18FE25D72C26A89E008D02AB /* Animation.swift in Sources */,
				18FE25C52C257A44008D02AB /* ChatBubble.swift in Sources */,
			);
			runOnlyForDeploymentPostprocessing = 0;
		};
/* End PBXSourcesBuildPhase section */

/* Begin XCBuildConfiguration section */
		1851EB332C244EC400182643 /* Debug */ = {
			isa = XCBuildConfiguration;
			buildSettings = {
				ALWAYS_SEARCH_USER_PATHS = NO;
				ASSETCATALOG_COMPILER_GENERATE_SWIFT_ASSET_SYMBOL_EXTENSIONS = YES;
				CLANG_ANALYZER_NONNULL = YES;
				CLANG_ANALYZER_NUMBER_OBJECT_CONVERSION = YES_AGGRESSIVE;
				CLANG_CXX_LANGUAGE_STANDARD = "gnu++20";
				CLANG_ENABLE_MODULES = YES;
				CLANG_ENABLE_OBJC_ARC = YES;
				CLANG_ENABLE_OBJC_WEAK = YES;
				CLANG_WARN_BLOCK_CAPTURE_AUTORELEASING = YES;
				CLANG_WARN_BOOL_CONVERSION = YES;
				CLANG_WARN_COMMA = YES;
				CLANG_WARN_CONSTANT_CONVERSION = YES;
				CLANG_WARN_DEPRECATED_OBJC_IMPLEMENTATIONS = YES;
				CLANG_WARN_DIRECT_OBJC_ISA_USAGE = YES_ERROR;
				CLANG_WARN_DOCUMENTATION_COMMENTS = YES;
				CLANG_WARN_EMPTY_BODY = YES;
				CLANG_WARN_ENUM_CONVERSION = YES;
				CLANG_WARN_INFINITE_RECURSION = YES;
				CLANG_WARN_INT_CONVERSION = YES;
				CLANG_WARN_NON_LITERAL_NULL_CONVERSION = YES;
				CLANG_WARN_OBJC_IMPLICIT_RETAIN_SELF = YES;
				CLANG_WARN_OBJC_LITERAL_CONVERSION = YES;
				CLANG_WARN_OBJC_ROOT_CLASS = YES_ERROR;
				CLANG_WARN_QUOTED_INCLUDE_IN_FRAMEWORK_HEADER = YES;
				CLANG_WARN_RANGE_LOOP_ANALYSIS = YES;
				CLANG_WARN_STRICT_PROTOTYPES = YES;
				CLANG_WARN_SUSPICIOUS_MOVE = YES;
				CLANG_WARN_UNGUARDED_AVAILABILITY = YES_AGGRESSIVE;
				CLANG_WARN_UNREACHABLE_CODE = YES;
				CLANG_WARN__DUPLICATE_METHOD_MATCH = YES;
				COPY_PHASE_STRIP = NO;
				DEBUG_INFORMATION_FORMAT = dwarf;
				ENABLE_PREVIEWS = YES;
				ENABLE_STRICT_OBJC_MSGSEND = YES;
				ENABLE_TESTABILITY = YES;
				ENABLE_USER_SCRIPT_SANDBOXING = YES;
				GCC_C_LANGUAGE_STANDARD = gnu17;
				GCC_DYNAMIC_NO_PIC = NO;
				GCC_NO_COMMON_BLOCKS = YES;
				GCC_OPTIMIZATION_LEVEL = 0;
				GCC_PREPROCESSOR_DEFINITIONS = (
					"DEBUG=1",
					"$(inherited)",
				);
				GCC_WARN_64_TO_32_BIT_CONVERSION = YES;
				GCC_WARN_ABOUT_RETURN_TYPE = YES_ERROR;
				GCC_WARN_UNDECLARED_SELECTOR = YES;
				GCC_WARN_UNINITIALIZED_AUTOS = YES_AGGRESSIVE;
				GCC_WARN_UNUSED_FUNCTION = YES;
				GCC_WARN_UNUSED_VARIABLE = YES;
				IPHONEOS_DEPLOYMENT_TARGET = 17.5;
				LOCALIZATION_PREFERS_STRING_CATALOGS = YES;
				MTL_ENABLE_DEBUG_INFO = INCLUDE_SOURCE;
				MTL_FAST_MATH = YES;
				ONLY_ACTIVE_ARCH = YES;
				SDKROOT = iphoneos;
				SWIFT_ACTIVE_COMPILATION_CONDITIONS = "DEBUG $(inherited)";
				SWIFT_OPTIMIZATION_LEVEL = "-Onone";
			};
			name = Debug;
		};
		1851EB342C244EC400182643 /* Release */ = {
			isa = XCBuildConfiguration;
			buildSettings = {
				ALWAYS_SEARCH_USER_PATHS = NO;
				ASSETCATALOG_COMPILER_GENERATE_SWIFT_ASSET_SYMBOL_EXTENSIONS = YES;
				CLANG_ANALYZER_NONNULL = YES;
				CLANG_ANALYZER_NUMBER_OBJECT_CONVERSION = YES_AGGRESSIVE;
				CLANG_CXX_LANGUAGE_STANDARD = "gnu++20";
				CLANG_ENABLE_MODULES = YES;
				CLANG_ENABLE_OBJC_ARC = YES;
				CLANG_ENABLE_OBJC_WEAK = YES;
				CLANG_WARN_BLOCK_CAPTURE_AUTORELEASING = YES;
				CLANG_WARN_BOOL_CONVERSION = YES;
				CLANG_WARN_COMMA = YES;
				CLANG_WARN_CONSTANT_CONVERSION = YES;
				CLANG_WARN_DEPRECATED_OBJC_IMPLEMENTATIONS = YES;
				CLANG_WARN_DIRECT_OBJC_ISA_USAGE = YES_ERROR;
				CLANG_WARN_DOCUMENTATION_COMMENTS = YES;
				CLANG_WARN_EMPTY_BODY = YES;
				CLANG_WARN_ENUM_CONVERSION = YES;
				CLANG_WARN_INFINITE_RECURSION = YES;
				CLANG_WARN_INT_CONVERSION = YES;
				CLANG_WARN_NON_LITERAL_NULL_CONVERSION = YES;
				CLANG_WARN_OBJC_IMPLICIT_RETAIN_SELF = YES;
				CLANG_WARN_OBJC_LITERAL_CONVERSION = YES;
				CLANG_WARN_OBJC_ROOT_CLASS = YES_ERROR;
				CLANG_WARN_QUOTED_INCLUDE_IN_FRAMEWORK_HEADER = YES;
				CLANG_WARN_RANGE_LOOP_ANALYSIS = YES;
				CLANG_WARN_STRICT_PROTOTYPES = YES;
				CLANG_WARN_SUSPICIOUS_MOVE = YES;
				CLANG_WARN_UNGUARDED_AVAILABILITY = YES_AGGRESSIVE;
				CLANG_WARN_UNREACHABLE_CODE = YES;
				CLANG_WARN__DUPLICATE_METHOD_MATCH = YES;
				COPY_PHASE_STRIP = NO;
				DEBUG_INFORMATION_FORMAT = "dwarf-with-dsym";
				ENABLE_NS_ASSERTIONS = NO;
				ENABLE_PREVIEWS = YES;
				ENABLE_STRICT_OBJC_MSGSEND = YES;
				ENABLE_USER_SCRIPT_SANDBOXING = YES;
				GCC_C_LANGUAGE_STANDARD = gnu17;
				GCC_NO_COMMON_BLOCKS = YES;
				GCC_WARN_64_TO_32_BIT_CONVERSION = YES;
				GCC_WARN_ABOUT_RETURN_TYPE = YES_ERROR;
				GCC_WARN_UNDECLARED_SELECTOR = YES;
				GCC_WARN_UNINITIALIZED_AUTOS = YES_AGGRESSIVE;
				GCC_WARN_UNUSED_FUNCTION = YES;
				GCC_WARN_UNUSED_VARIABLE = YES;
				IPHONEOS_DEPLOYMENT_TARGET = 17.5;
				LOCALIZATION_PREFERS_STRING_CATALOGS = YES;
				MTL_ENABLE_DEBUG_INFO = NO;
				MTL_FAST_MATH = YES;
				SDKROOT = iphoneos;
				SWIFT_COMPILATION_MODE = wholemodule;
				VALIDATE_PRODUCT = YES;
			};
			name = Release;
		};
		1851EB362C244EC400182643 /* Debug */ = {
			isa = XCBuildConfiguration;
			buildSettings = {
				ASSETCATALOG_COMPILER_APPICON_NAME = AppIcon;
				ASSETCATALOG_COMPILER_GLOBAL_ACCENT_COLOR_NAME = AccentColor;
				CODE_SIGN_ENTITLEMENTS = 100/100.entitlements;
				CODE_SIGN_STYLE = Automatic;
				CURRENT_PROJECT_VERSION = 1;
				DEVELOPMENT_ASSET_PATHS = "\"100/Preview Content\"";
				DEVELOPMENT_TEAM = 3M6C8L4M5D;
				ENABLE_PREVIEWS = YES;
				GENERATE_INFOPLIST_FILE = YES;
				INFOPLIST_FILE = "100-Info.plist";
				INFOPLIST_KEY_CFBundleDisplayName = 100;
				INFOPLIST_KEY_LSApplicationCategoryType = "public.app-category.healthcare-fitness";
				INFOPLIST_KEY_UIApplicationSceneManifest_Generation = YES;
				INFOPLIST_KEY_UIApplicationSupportsIndirectInputEvents = YES;
				INFOPLIST_KEY_UILaunchScreen_Generation = YES;
				INFOPLIST_KEY_UISupportedInterfaceOrientations = UIInterfaceOrientationPortrait;
				INFOPLIST_KEY_UISupportedInterfaceOrientations_iPad = "UIInterfaceOrientationLandscapeLeft UIInterfaceOrientationLandscapeRight UIInterfaceOrientationPortrait UIInterfaceOrientationPortraitUpsideDown";
				LD_RUNPATH_SEARCH_PATHS = (
					"$(inherited)",
					"@executable_path/Frameworks",
				);
				MARKETING_VERSION = 1.0;
				PRODUCT_BUNDLE_IDENTIFIER = tomkwok.100;
				PRODUCT_NAME = "$(TARGET_NAME)";
				SWIFT_EMIT_LOC_STRINGS = YES;
				SWIFT_VERSION = 5.0;
				TARGETED_DEVICE_FAMILY = "1,2";
			};
			name = Debug;
		};
		1851EB372C244EC400182643 /* Release */ = {
			isa = XCBuildConfiguration;
			buildSettings = {
				ASSETCATALOG_COMPILER_APPICON_NAME = AppIcon;
				ASSETCATALOG_COMPILER_GLOBAL_ACCENT_COLOR_NAME = AccentColor;
				CODE_SIGN_ENTITLEMENTS = 100/100.entitlements;
				CODE_SIGN_STYLE = Automatic;
				CURRENT_PROJECT_VERSION = 1;
				DEVELOPMENT_ASSET_PATHS = "\"100/Preview Content\"";
				DEVELOPMENT_TEAM = 3M6C8L4M5D;
				ENABLE_PREVIEWS = YES;
				GENERATE_INFOPLIST_FILE = YES;
				INFOPLIST_FILE = "100-Info.plist";
				INFOPLIST_KEY_CFBundleDisplayName = 100;
				INFOPLIST_KEY_LSApplicationCategoryType = "public.app-category.healthcare-fitness";
				INFOPLIST_KEY_UIApplicationSceneManifest_Generation = YES;
				INFOPLIST_KEY_UIApplicationSupportsIndirectInputEvents = YES;
				INFOPLIST_KEY_UILaunchScreen_Generation = YES;
				INFOPLIST_KEY_UISupportedInterfaceOrientations = UIInterfaceOrientationPortrait;
				INFOPLIST_KEY_UISupportedInterfaceOrientations_iPad = "UIInterfaceOrientationLandscapeLeft UIInterfaceOrientationLandscapeRight UIInterfaceOrientationPortrait UIInterfaceOrientationPortraitUpsideDown";
				LD_RUNPATH_SEARCH_PATHS = (
					"$(inherited)",
					"@executable_path/Frameworks",
				);
				MARKETING_VERSION = 1.0;
				PRODUCT_BUNDLE_IDENTIFIER = tomkwok.100;
				PRODUCT_NAME = "$(TARGET_NAME)";
				SWIFT_EMIT_LOC_STRINGS = YES;
				SWIFT_VERSION = 5.0;
				TARGETED_DEVICE_FAMILY = "1,2";
			};
			name = Release;
		};
/* End XCBuildConfiguration section */

/* Begin XCConfigurationList section */
		1851EB222C244EC300182643 /* Build configuration list for PBXProject "100" */ = {
			isa = XCConfigurationList;
			buildConfigurations = (
				1851EB332C244EC400182643 /* Debug */,
				1851EB342C244EC400182643 /* Release */,
			);
			defaultConfigurationIsVisible = 0;
			defaultConfigurationName = Release;
		};
		1851EB352C244EC400182643 /* Build configuration list for PBXNativeTarget "100" */ = {
			isa = XCConfigurationList;
			buildConfigurations = (
				1851EB362C244EC400182643 /* Debug */,
				1851EB372C244EC400182643 /* Release */,
			);
			defaultConfigurationIsVisible = 0;
			defaultConfigurationName = Release;
		};
/* End XCConfigurationList section */

/* Begin XCVersionGroup section */
		18FE25D82C26B9A2008D02AB /* Model.xcdatamodeld */ = {
			isa = XCVersionGroup;
			children = (
				18FE25D92C26B9A2008D02AB /* Model.xcdatamodel */,
			);
			currentVersion = 18FE25D92C26B9A2008D02AB /* Model.xcdatamodel */;
			path = Model.xcdatamodeld;
			sourceTree = "<group>";
			versionGroupType = wrapper.xcdatamodel;
		};
/* End XCVersionGroup section */
	};
	rootObject = 1851EB1F2C244EC300182643 /* Project object */;
}
